github.com/bxcodec/faker v1.5.0 h1:RIWOeAcM3ZHye1i8bQtHU2LfNOaLmHuRiCo60mNMOcQ=
github.com/bxcodec/faker v2.0.1+incompatible h1:P0KUpUw5w6WJXwrPfv35oc91i4d8nf40Nwln+M/+faA=
github.com/bxcodec/faker/v3 v3.3.1 h1:G7uldFk+iO/ES7W4v7JlI/WU9FQ6op9VJ15YZlDEhGQ=
github.com/bxcodec/faker/v3 v3.3.1/go.mod h1:gF31YgnMSMKgkvl+fyEo1xuSMbEuieyqfeslGYFjneM=
github.com/docopt/docopt-go v0.0.0-20180111231733-ee0de3bc6815 h1:bWDMxwH3px2JBh6AyO7hdCn/PkvCZXii8TGj7sbtEbQ=
github.com/docopt/docopt-go v0.0.0-20180111231733-ee0de3bc6815/go.mod h1:WwZ+bS3ebgob9U8Nd0kOddGdZWjyMGR8Wziv+TBNwSE=
syreclabs.com/go/faker v1.2.2 h1:D6ImaMO9Ht3RYmGbrCHiXJIDmqdkPMqK21BR3Es7sYY=
syreclabs.com/go/faker v1.2.2/go.mod h1:NAXInmkPsC2xuO5MKZFe80PUXX5LU8cFdJIHGs+nSBE=
